
Microsoft Visual Studio Solution File, Format Version 12.00
# Visual Studio 15
VisualStudioVersion = 15.0.28010.2036
MinimumVisualStudioVersion = 10.0.40219.1
Project("{FAE04EC0-301F-11D3-BF4B-00C04F79EFBC}") = "PizzaSales", "PizzaSales\PizzaSales.csproj", "{75BE3A32-E190-43E8-A6F4-2EDC6CF1CC5C}"
EndProject
Global
	GlobalSection(SolutionConfigurationPlatforms) = preSolution
		Debug|Any CPU = Debug|Any CPU
		Release|Any CPU = Release|Any CPU
	EndGlobalSection
	GlobalSection(ProjectConfigurationPlatforms) = postSolution
		{75BE3A32-E190-43E8-A6F4-2EDC6CF1CC5C}.Debug|Any CPU.ActiveCfg = Debug|Any CPU
		{75BE3A32-E190-43E8-A6F4-2EDC6CF1CC5C}.Debug|Any CPU.Build.0 = Debug|Any CPU
		{75BE3A32-E190-43E8-A6F4-2EDC6CF1CC5C}.Release|Any CPU.ActiveCfg = Release|Any CPU
		{75BE3A32-E190-43E8-A6F4-2EDC6CF1CC5C}.Release|Any CPU.Build.0 = Release|Any CPU
	EndGlobalSection
	GlobalSection(SolutionProperties) = preSolution
		HideSolutionNode = FALSE
	EndGlobalSection
	GlobalSection(ExtensibilityGlobals) = postSolution
		SolutionGuid = {8953A645-4692-4774-A13D-6505279F4FA5}
	EndGlobalSection
EndGlobal
